
Microsoft Visual Studio Solution File, Format Version 12.00
# Visual Studio 15
VisualStudioVersion = 15.0.28010.2026
MinimumVisualStudioVersion = 10.0.40219.1
Project("{FAE04EC0-301F-11D3-BF4B-00C04F79EFBC}") = "upbTechSite", "upbTechSite\upbTechSite.csproj", "{9E56F4DB-294F-4940-B621-ECCE3E874376}"
EndProject
Global
	GlobalSection(SolutionConfigurationPlatforms) = preSolution
		Debug|Any CPU = Debug|Any CPU
		Release|Any CPU = Release|Any CPU
	EndGlobalSection
	GlobalSection(ProjectConfigurationPlatforms) = postSolution
		{9E56F4DB-294F-4940-B621-ECCE3E874376}.Debug|Any CPU.ActiveCfg = Debug|Any CPU
		{9E56F4DB-294F-4940-B621-ECCE3E874376}.Debug|Any CPU.Build.0 = Debug|Any CPU
		{9E56F4DB-294F-4940-B621-ECCE3E874376}.Release|Any CPU.ActiveCfg = Release|Any CPU
		{9E56F4DB-294F-4940-B621-ECCE3E874376}.Release|Any CPU.Build.0 = Release|Any CPU
	EndGlobalSection
	GlobalSection(SolutionProperties) = preSolution
		HideSolutionNode = FALSE
	EndGlobalSection
	GlobalSection(ExtensibilityGlobals) = postSolution
		SolutionGuid = {EB94F99C-2DA7-411B-8420-9817CBE06BE2}
	EndGlobalSection
EndGlobal
